
Microsoft Visual Studio Solution File, Format Version 12.00
# Visual Studio Version 17
VisualStudioVersion = 17.10.35027.167
MinimumVisualStudioVersion = 10.0.40219.1
Project("{9A19103F-16F7-4668-BE54-9A1E7A4F7556}") = "Infrastructure", "Infrastructure\Infrastructure.csproj", "{0BE0AF1F-859E-4FC4-A4C0-94C6C4A05697}"
EndProject
Project("{9A19103F-16F7-4668-BE54-9A1E7A4F7556}") = "Application", "Application\Application.csproj", "{FA4D8D0A-5B55-4417-AAD6-7E860868B79E}"
EndProject
Project("{9A19103F-16F7-4668-BE54-9A1E7A4F7556}") = "Domain", "Domain\Domain.csproj", "{DBEF62EF-C609-42A2-81AF-5EF526A2D29B}"
EndProject
Project("{FAE04EC0-301F-11D3-BF4B-00C04F79EFBC}") = "MainApp", "MainApp\MainApp.csproj", "{D949F506-EE10-4EC7-8248-BD79352F0092}"
EndProject
Global
	GlobalSection(SolutionConfigurationPlatforms) = preSolution
		Debug|Any CPU = Debug|Any CPU
		Release|Any CPU = Release|Any CPU
	EndGlobalSection
	GlobalSection(ProjectConfigurationPlatforms) = postSolution
		{0BE0AF1F-859E-4FC4-A4C0-94C6C4A05697}.Debug|Any CPU.ActiveCfg = Debug|Any CPU
		{0BE0AF1F-859E-4FC4-A4C0-94C6C4A05697}.Debug|Any CPU.Build.0 = Debug|Any CPU
		{0BE0AF1F-859E-4FC4-A4C0-94C6C4A05697}.Release|Any CPU.ActiveCfg = Release|Any CPU
		{0BE0AF1F-859E-4FC4-A4C0-94C6C4A05697}.Release|Any CPU.Build.0 = Release|Any CPU
		{FA4D8D0A-5B55-4417-AAD6-7E860868B79E}.Debug|Any CPU.ActiveCfg = Debug|Any CPU
		{FA4D8D0A-5B55-4417-AAD6-7E860868B79E}.Debug|Any CPU.Build.0 = Debug|Any CPU
		{FA4D8D0A-5B55-4417-AAD6-7E860868B79E}.Release|Any CPU.ActiveCfg = Release|Any CPU
		{FA4D8D0A-5B55-4417-AAD6-7E860868B79E}.Release|Any CPU.Build.0 = Release|Any CPU
		{DBEF62EF-C609-42A2-81AF-5EF526A2D29B}.Debug|Any CPU.ActiveCfg = Debug|Any CPU
		{DBEF62EF-C609-42A2-81AF-5EF526A2D29B}.Debug|Any CPU.Build.0 = Debug|Any CPU
		{DBEF62EF-C609-42A2-81AF-5EF526A2D29B}.Release|Any CPU.ActiveCfg = Release|Any CPU
		{DBEF62EF-C609-42A2-81AF-5EF526A2D29B}.Release|Any CPU.Build.0 = Release|Any CPU
		{D949F506-EE10-4EC7-8248-BD79352F0092}.Debug|Any CPU.ActiveCfg = Debug|Any CPU
		{D949F506-EE10-4EC7-8248-BD79352F0092}.Debug|Any CPU.Build.0 = Debug|Any CPU
		{D949F506-EE10-4EC7-8248-BD79352F0092}.Release|Any CPU.ActiveCfg = Release|Any CPU
		{D949F506-EE10-4EC7-8248-BD79352F0092}.Release|Any CPU.Build.0 = Release|Any CPU
	EndGlobalSection
	GlobalSection(SolutionProperties) = preSolution
		HideSolutionNode = FALSE
	EndGlobalSection
	GlobalSection(ExtensibilityGlobals) = postSolution
		SolutionGuid = {A9D4A980-8227-49BE-A7DE-AE7B2138A52D}
	EndGlobalSection
EndGlobal
